
Microsoft Visual Studio Solution File, Format Version 12.00
# Visual Studio Version 16
VisualStudioVersion = 16.0.30011.22
MinimumVisualStudioVersion = 10.0.40219.1
Project("{FAE04EC0-301F-11D3-BF4B-00C04F79EFBC}") = "LAB_PP_2", "LAB_PP_2\LAB_PP_2.csproj", "{AC56722C-2A67-4B73-A1CE-97D8BE8537CA}"
EndProject
Global
	GlobalSection(SolutionConfigurationPlatforms) = preSolution
		Debug|Any CPU = Debug|Any CPU
		Release|Any CPU = Release|Any CPU
	EndGlobalSection
	GlobalSection(ProjectConfigurationPlatforms) = postSolution
		{AC56722C-2A67-4B73-A1CE-97D8BE8537CA}.Debug|Any CPU.ActiveCfg = Debug|Any CPU
		{AC56722C-2A67-4B73-A1CE-97D8BE8537CA}.Debug|Any CPU.Build.0 = Debug|Any CPU
		{AC56722C-2A67-4B73-A1CE-97D8BE8537CA}.Release|Any CPU.ActiveCfg = Release|Any CPU
		{AC56722C-2A67-4B73-A1CE-97D8BE8537CA}.Release|Any CPU.Build.0 = Release|Any CPU
	EndGlobalSection
	GlobalSection(SolutionProperties) = preSolution
		HideSolutionNode = FALSE
	EndGlobalSection
	GlobalSection(ExtensibilityGlobals) = postSolution
		SolutionGuid = {6BF45022-FEDA-4E47-B1DC-B4B421A92C9E}
	EndGlobalSection
EndGlobal
